
Microsoft Visual Studio Solution File, Format Version 12.00
# Visual Studio Version 16
VisualStudioVersion = 16.0.28803.352
MinimumVisualStudioVersion = 10.0.40219.1
Project("{FAE04EC0-301F-11D3-BF4B-00C04F79EFBC}") = "Inspiratio.DotnetCore.Api", "src\Inspiratio.DotnetCore.Api\Inspiratio.DotnetCore.Api.csproj", "{E0451EF7-E86D-495A-86AE-24033F388F5E}"
EndProject
Global
	GlobalSection(SolutionConfigurationPlatforms) = preSolution
		Debug|Any CPU = Debug|Any CPU
		Release|Any CPU = Release|Any CPU
	EndGlobalSection
	GlobalSection(ProjectConfigurationPlatforms) = postSolution
		{E0451EF7-E86D-495A-86AE-24033F388F5E}.Debug|Any CPU.ActiveCfg = Debug|Any CPU
		{E0451EF7-E86D-495A-86AE-24033F388F5E}.Debug|Any CPU.Build.0 = Debug|Any CPU
		{E0451EF7-E86D-495A-86AE-24033F388F5E}.Release|Any CPU.ActiveCfg = Release|Any CPU
		{E0451EF7-E86D-495A-86AE-24033F388F5E}.Release|Any CPU.Build.0 = Release|Any CPU
	EndGlobalSection
	GlobalSection(SolutionProperties) = preSolution
		HideSolutionNode = FALSE
	EndGlobalSection
	GlobalSection(ExtensibilityGlobals) = postSolution
		SolutionGuid = {75C813E1-0981-4991-8EFC-3215FDD3C82B}
	EndGlobalSection
EndGlobal
